
Microsoft Visual Studio Solution File, Format Version 12.00
# Visual Studio Version 17
VisualStudioVersion = 17.4.33205.214
MinimumVisualStudioVersion = 10.0.40219.1
Project("{9A19103F-16F7-4668-BE54-9A1E7A4F7556}") = "CLICX.Web.Service.Clients", "CLICX.Web.Services.Clients\CLICX.Web.Service.Clients.csproj", "{0380F593-2B4F-40D2-BE4C-E0C5597D7A55}"
EndProject
Project("{9A19103F-16F7-4668-BE54-9A1E7A4F7556}") = "Entities", "Entities\Entities.csproj", "{1DDDC73D-8CFD-4203-A41F-1766F1DFA7B8}"
EndProject
Project("{9A19103F-16F7-4668-BE54-9A1E7A4F7556}") = "CLICX.Web.Services", "CLICX Web Services\CLICX.Web.Services.csproj", "{D507A751-529A-408B-8E2A-81D2176FE929}"
EndProject
Global
	GlobalSection(SolutionConfigurationPlatforms) = preSolution
		Debug|Any CPU = Debug|Any CPU
		Release|Any CPU = Release|Any CPU
	EndGlobalSection
	GlobalSection(ProjectConfigurationPlatforms) = postSolution
		{0380F593-2B4F-40D2-BE4C-E0C5597D7A55}.Debug|Any CPU.ActiveCfg = Debug|Any CPU
		{0380F593-2B4F-40D2-BE4C-E0C5597D7A55}.Debug|Any CPU.Build.0 = Debug|Any CPU
		{0380F593-2B4F-40D2-BE4C-E0C5597D7A55}.Release|Any CPU.ActiveCfg = Release|Any CPU
		{0380F593-2B4F-40D2-BE4C-E0C5597D7A55}.Release|Any CPU.Build.0 = Release|Any CPU
		{1DDDC73D-8CFD-4203-A41F-1766F1DFA7B8}.Debug|Any CPU.ActiveCfg = Debug|Any CPU
		{1DDDC73D-8CFD-4203-A41F-1766F1DFA7B8}.Debug|Any CPU.Build.0 = Debug|Any CPU
		{1DDDC73D-8CFD-4203-A41F-1766F1DFA7B8}.Release|Any CPU.ActiveCfg = Release|Any CPU
		{1DDDC73D-8CFD-4203-A41F-1766F1DFA7B8}.Release|Any CPU.Build.0 = Release|Any CPU
		{D507A751-529A-408B-8E2A-81D2176FE929}.Debug|Any CPU.ActiveCfg = Debug|Any CPU
		{D507A751-529A-408B-8E2A-81D2176FE929}.Debug|Any CPU.Build.0 = Debug|Any CPU
		{D507A751-529A-408B-8E2A-81D2176FE929}.Release|Any CPU.ActiveCfg = Release|Any CPU
		{D507A751-529A-408B-8E2A-81D2176FE929}.Release|Any CPU.Build.0 = Release|Any CPU
	EndGlobalSection
	GlobalSection(SolutionProperties) = preSolution
		HideSolutionNode = FALSE
	EndGlobalSection
	GlobalSection(ExtensibilityGlobals) = postSolution
		SolutionGuid = {E91874AD-D1E9-456F-8FB7-EFB30C205DA1}
	EndGlobalSection
EndGlobal
